
Microsoft Visual Studio Solution File, Format Version 12.00
# Visual Studio Version 16
VisualStudioVersion = 16.0.31321.278
MinimumVisualStudioVersion = 10.0.40219.1
Project("{FAE04EC0-301F-11D3-BF4B-00C04F79EFBC}") = "Ejercicio14", "Ejercicio14\Ejercicio14.csproj", "{FF210375-4BC0-4F9E-BA32-6F0C2323BCB4}"
EndProject
Global
	GlobalSection(SolutionConfigurationPlatforms) = preSolution
		Debug|Any CPU = Debug|Any CPU
		Release|Any CPU = Release|Any CPU
	EndGlobalSection
	GlobalSection(ProjectConfigurationPlatforms) = postSolution
		{FF210375-4BC0-4F9E-BA32-6F0C2323BCB4}.Debug|Any CPU.ActiveCfg = Debug|Any CPU
		{FF210375-4BC0-4F9E-BA32-6F0C2323BCB4}.Debug|Any CPU.Build.0 = Debug|Any CPU
		{FF210375-4BC0-4F9E-BA32-6F0C2323BCB4}.Release|Any CPU.ActiveCfg = Release|Any CPU
		{FF210375-4BC0-4F9E-BA32-6F0C2323BCB4}.Release|Any CPU.Build.0 = Release|Any CPU
	EndGlobalSection
	GlobalSection(SolutionProperties) = preSolution
		HideSolutionNode = FALSE
	EndGlobalSection
	GlobalSection(ExtensibilityGlobals) = postSolution
		SolutionGuid = {5993DBBB-A200-4643-AA05-80A1280510BB}
	EndGlobalSection
EndGlobal
